PODS:
  - boost (1.76.0)
  - BVLinearGradient (2.6.2):
    - React-Core
  - CocoaAsyncSocket (7.6.5)
  - DoubleConversion (1.1.6)
  - EXApplication (5.3.0):
    - ExpoModulesCore
  - EXAV (13.4.1):
    - ExpoModulesCore
    - ReactCommon/turbomodule/core
  - EXBarCodeScanner (12.5.3):
    - EXImageLoader
    - ExpoModulesCore
    - ZXingObjC/OneD
    - ZXingObjC/PDF417
  - EXCamera (13.4.2):
    - ExpoModulesCore
  - EXConstants (14.4.2):
    - ExpoModulesCore
  - EXFileSystem (15.4.2):
    - ExpoModulesCore
  - EXFont (11.4.0):
    - ExpoModulesCore
  - EXImageLoader (4.3.0):
    - ExpoModulesCore
    - React-Core
  - EXLocation (16.0.0):
    - ExpoModulesCore
  - Expo (49.0.0):
    - ExpoModulesCore
  - ExpoBrightness (11.4.0):
    - ExpoModulesCore
  - ExpoGL (12.4.0):
    - ExpoModulesCore
    - ReactCommon/turbomodule/core
  - ExpoImagePicker (14.3.1):
    - ExpoModulesCore
  - ExpoKeepAwake (12.3.0):
    - ExpoModulesCore
  - ExpoModulesCore (1.5.4):
    - RCT-Folly (= 2021.07.22.00)
    - React-Core
    - React-NativeModulesApple
    - React-RCTAppDelegate
    - ReactCommon/turbomodule/core
  - EXSensors (12.3.0):
    - ExpoModulesCore
  - FBLazyVector (0.72.1)
  - FBReactNativeSpec (0.72.1):
    - RCT-Folly (= 2021.07.22.00)
    - RCTRequired (= 0.72.1)
    - RCTTypeSafety (= 0.72.1)
    - React-Core (= 0.72.1)
    - React-jsi (= 0.72.1)
    - ReactCommon/turbomodule/core (= 0.72.1)
  - Flipper (0.182.0):
    - Flipper-Folly (~> 2.6)
  - Flipper-Boost-iOSX (1.76.0.1.11)
  - Flipper-DoubleConversion (3.2.0.1)
  - Flipper-Fmt (7.1.7)
  - Flipper-Folly (2.6.10):
    - Flipper-Boost-iOSX
    - Flipper-DoubleConversion
    - Flipper-Fmt (= 7.1.7)
    - Flipper-Glog
    - libevent (~> 2.1.12)
    - OpenSSL-Universal (= 1.1.1100)
  - Flipper-Glog (0.5.0.5)
  - Flipper-PeerTalk (0.0.4)
  - FlipperKit (0.182.0):
    - FlipperKit/Core (= 0.182.0)
  - FlipperKit/Core (0.182.0):
    - Flipper (~> 0.182.0)
    - FlipperKit/CppBridge
    - FlipperKit/FBCxxFollyDynamicConvert
    - FlipperKit/FBDefines
    - FlipperKit/FKPortForwarding
    - SocketRocket (~> 0.6.0)
  - FlipperKit/CppBridge (0.182.0):
    - Flipper (~> 0.182.0)
  - FlipperKit/FBCxxFollyDynamicConvert (0.182.0):
    - Flipper-Folly (~> 2.6)
  - FlipperKit/FBDefines (0.182.0)
  - FlipperKit/FKPortForwarding (0.182.0):
    - CocoaAsyncSocket (~> 7.6)
    - Flipper-PeerTalk (~> 0.0.4)
  - FlipperKit/FlipperKitHighlightOverlay (0.182.0)
  - FlipperKit/FlipperKitLayoutHelpers (0.182.0):
    - FlipperKit/Core
    - FlipperKit/FlipperKitHighlightOverlay
    - FlipperKit/FlipperKitLayoutTextSearchable
  - FlipperKit/FlipperKitLayoutIOSDescriptors (0.182.0):
    - FlipperKit/Core
    - FlipperKit/FlipperKitHighlightOverlay
    - FlipperKit/FlipperKitLayoutHelpers
    - YogaKit (~> 1.18)
  - FlipperKit/FlipperKitLayoutPlugin (0.182.0):
    - FlipperKit/Core
    - FlipperKit/FlipperKitHighlightOverlay
    - FlipperKit/FlipperKitLayoutHelpers
    - FlipperKit/FlipperKitLayoutIOSDescriptors
    - FlipperKit/FlipperKitLayoutTextSearchable
    - YogaKit (~> 1.18)
  - FlipperKit/FlipperKitLayoutTextSearchable (0.182.0)
  - FlipperKit/FlipperKitNetworkPlugin (0.182.0):
    - FlipperKit/Core
  - FlipperKit/FlipperKitReactPlugin (0.182.0):
    - FlipperKit/Core
  - FlipperKit/FlipperKitUserDefaultsPlugin (0.182.0):
    - FlipperKit/Core
  - FlipperKit/SKIOSNetworkPlugin (0.182.0):
    - FlipperKit/Core
    - FlipperKit/FlipperKitNetworkPlugin
  - fmt (6.2.1)
  - glog (0.3.5)
  - libevent (2.1.12)
  - lottie-ios (3.4.0)
  - lottie-react-native (5.1.5):
    - lottie-ios (~> 3.4.0)
    - React-Core
  - OpenSSL-Universal (1.1.1100)
  - RCT-Folly (2021.07.22.00):
    - boost
    - DoubleConversion
    - fmt (~> 6.2.1)
    - glog
    - RCT-Folly/Default (= 2021.07.22.00)
  - RCT-Folly/Default (2021.07.22.00):
    - boost
    - DoubleConversion
    - fmt (~> 6.2.1)
    - glog
  - RCTRequired (0.72.1)
  - RCTTypeSafety (0.72.1):
    - FBLazyVector (= 0.72.1)
    - RCTRequired (= 0.72.1)
    - React-Core (= 0.72.1)
  - React (0.72.1):
    - React-Core (= 0.72.1)
    - React-Core/DevSupport (= 0.72.1)
    - React-Core/RCTWebSocket (= 0.72.1)
    - React-RCTActionSheet (= 0.72.1)
    - React-RCTAnimation (= 0.72.1)
    - React-RCTBlob (= 0.72.1)
    - React-RCTImage (= 0.72.1)
    - React-RCTLinking (= 0.72.1)
    - React-RCTNetwork (= 0.72.1)
    - React-RCTSettings (= 0.72.1)
    - React-RCTText (= 0.72.1)
    - React-RCTVibration (= 0.72.1)
  - React-callinvoker (0.72.1)
  - React-Codegen (0.72.1):
    - DoubleConversion
    - FBReactNativeSpec
    - glog
    - RCT-Folly
    - RCTRequired
    - RCTTypeSafety
    - React-Core
    - React-jsc
    - React-jsi
    - React-jsiexecutor
    - React-NativeModulesApple
    - React-rncore
    - ReactCommon/turbomodule/bridging
    - ReactCommon/turbomodule/core
  - React-Core (0.72.1):
    - glog
    - RCT-Folly (= 2021.07.22.00)
    - React-Core/Default (= 0.72.1)
    - React-cxxreact
    - React-jsc
    - React-jsi
    - React-jsiexecutor
    - React-perflogger
    - React-runtimeexecutor
    - React-utils
    - SocketRocket (= 0.6.1)
    - Yoga
  - React-Core/CoreModulesHeaders (0.72.1):
    - glog
    - RCT-Folly (= 2021.07.22.00)
    - React-Core/Default
    - React-cxxreact
    - React-jsc
    - React-jsi
    - React-jsiexecutor
    - React-perflogger
    - React-runtimeexecutor
    - React-utils
    - SocketRocket (= 0.6.1)
    - Yoga
  - React-Core/Default (0.72.1):
    - glog
    - RCT-Folly (= 2021.07.22.00)
    - React-cxxreact
    - React-jsc
    - React-jsi
    - React-jsiexecutor
    - React-perflogger
    - React-runtimeexecutor
    - React-utils
    - SocketRocket (= 0.6.1)
    - Yoga
  - React-Core/DevSupport (0.72.1):
    - glog
    - RCT-Folly (= 2021.07.22.00)
    - React-Core/Default (= 0.72.1)
    - React-Core/RCTWebSocket (= 0.72.1)
    - React-cxxreact
    - React-jsc
    - React-jsi
    - React-jsiexecutor
    - React-jsinspector (= 0.72.1)
    - React-perflogger
    - React-runtimeexecutor
    - React-utils
    - SocketRocket (= 0.6.1)
    - Yoga
  - React-Core/RCTActionSheetHeaders (0.72.1):
    - glog
    - RCT-Folly (= 2021.07.22.00)
    - React-Core/Default
    - React-cxxreact
    - React-jsc
    - React-jsi
    - React-jsiexecutor
    - React-perflogger
    - React-runtimeexecutor
    - React-utils
    - SocketRocket (= 0.6.1)
    - Yoga
  - React-Core/RCTAnimationHeaders (0.72.1):
    - glog
    - RCT-Folly (= 2021.07.22.00)
    - React-Core/Default
    - React-cxxreact
    - React-jsc
    - React-jsi
    - React-jsiexecutor
    - React-perflogger
    - React-runtimeexecutor
    - React-utils
    - SocketRocket (= 0.6.1)
    - Yoga
  - React-Core/RCTBlobHeaders (0.72.1):
    - glog
    - RCT-Folly (= 2021.07.22.00)
    - React-Core/Default
    - React-cxxreact
    - React-jsc
    - React-jsi
    - React-jsiexecutor
    - React-perflogger
    - React-runtimeexecutor
    - React-utils
    - SocketRocket (= 0.6.1)
    - Yoga
  - React-Core/RCTImageHeaders (0.72.1):
    - glog
    - RCT-Folly (= 2021.07.22.00)
    - React-Core/Default
    - React-cxxreact
    - React-jsc
    - React-jsi
    - React-jsiexecutor
    - React-perflogger
    - React-runtimeexecutor
    - React-utils
    - SocketRocket (= 0.6.1)
    - Yoga
  - React-Core/RCTLinkingHeaders (0.72.1):
    - glog
    - RCT-Folly (= 2021.07.22.00)
    - React-Core/Default
    - React-cxxreact
    - React-jsc
    - React-jsi
    - React-jsiexecutor
    - React-perflogger
    - React-runtimeexecutor
    - React-utils
    - SocketRocket (= 0.6.1)
    - Yoga
  - React-Core/RCTNetworkHeaders (0.72.1):
    - glog
    - RCT-Folly (= 2021.07.22.00)
    - React-Core/Default
    - React-cxxreact
    - React-jsc
    - React-jsi
    - React-jsiexecutor
    - React-perflogger
    - React-runtimeexecutor
    - React-utils
    - SocketRocket (= 0.6.1)
    - Yoga
  - React-Core/RCTSettingsHeaders (0.72.1):
    - glog
    - RCT-Folly (= 2021.07.22.00)
    - React-Core/Default
    - React-cxxreact
    - React-jsc
    - React-jsi
    - React-jsiexecutor
    - React-perflogger
    - React-runtimeexecutor
    - React-utils
    - SocketRocket (= 0.6.1)
    - Yoga
  - React-Core/RCTTextHeaders (0.72.1):
    - glog
    - RCT-Folly (= 2021.07.22.00)
    - React-Core/Default
    - React-cxxreact
    - React-jsc
    - React-jsi
    - React-jsiexecutor
    - React-perflogger
    - React-runtimeexecutor
    - React-utils
    - SocketRocket (= 0.6.1)
    - Yoga
  - React-Core/RCTVibrationHeaders (0.72.1):
    - glog
    - RCT-Folly (= 2021.07.22.00)
    - React-Core/Default
    - React-cxxreact
    - React-jsc
    - React-jsi
    - React-jsiexecutor
    - React-perflogger
    - React-runtimeexecutor
    - React-utils
    - SocketRocket (= 0.6.1)
    - Yoga
  - React-Core/RCTWebSocket (0.72.1):
    - glog
    - RCT-Folly (= 2021.07.22.00)
    - React-Core/Default (= 0.72.1)
    - React-cxxreact
    - React-jsc
    - React-jsi
    - React-jsiexecutor
    - React-perflogger
    - React-runtimeexecutor
    - React-utils
    - SocketRocket (= 0.6.1)
    - Yoga
  - React-CoreModules (0.72.1):
    - RCT-Folly (= 2021.07.22.00)
    - RCTTypeSafety (= 0.72.1)
    - React-Codegen (= 0.72.1)
    - React-Core/CoreModulesHeaders (= 0.72.1)
    - React-jsi (= 0.72.1)
    - React-RCTBlob
    - React-RCTImage (= 0.72.1)
    - ReactCommon/turbomodule/core (= 0.72.1)
    - SocketRocket (= 0.6.1)
  - React-cxxreact (0.72.1):
    - boost (= 1.76.0)
    - DoubleConversion
    - glog
    - RCT-Folly (= 2021.07.22.00)
    - React-callinvoker (= 0.72.1)
    - React-jsi (= 0.72.1)
    - React-jsinspector (= 0.72.1)
    - React-logger (= 0.72.1)
    - React-perflogger (= 0.72.1)
    - React-runtimeexecutor (= 0.72.1)
  - React-debug (0.72.1)
  - React-jsc (0.72.1):
    - React-jsc/Fabric (= 0.72.1)
    - React-jsi (= 0.72.1)
  - React-jsc/Fabric (0.72.1):
    - React-jsi (= 0.72.1)
  - React-jsi (0.72.1):
    - boost (= 1.76.0)
    - DoubleConversion
    - glog
    - RCT-Folly (= 2021.07.22.00)
  - React-jsiexecutor (0.72.1):
    - DoubleConversion
    - glog
    - RCT-Folly (= 2021.07.22.00)
    - React-cxxreact (= 0.72.1)
    - React-jsi (= 0.72.1)
    - React-perflogger (= 0.72.1)
  - React-jsinspector (0.72.1)
  - React-logger (0.72.1):
    - glog
  - react-native-cameraroll (5.7.2):
    - React-Core
  - react-native-geolocation (3.0.6):
    - React-Core
  - react-native-image-resizer (3.0.5):
    - React-Core
  - react-native-netinfo (9.3.11):
    - React-Core
  - react-native-pager-view (6.2.0):
    - React-Core
  - react-native-safe-area-context (4.6.4):
    - RCT-Folly
    - RCTRequired
    - RCTTypeSafety
    - React-Core
    - ReactCommon/turbomodule/core
  - react-native-skia (0.1.185):
    - React
    - React-callinvoker
    - React-Core
  - react-native-slider (4.4.2):
    - React-Core
  - react-native-splash-screen (3.3.0):
    - React-Core
  - react-native-webview (13.2.2):
    - React-Core
  - React-NativeModulesApple (0.72.1):
    - React-callinvoker
    - React-Core
    - React-cxxreact
    - React-jsi
    - React-runtimeexecutor
    - ReactCommon/turbomodule/bridging
    - ReactCommon/turbomodule/core
  - React-perflogger (0.72.1)
  - React-RCTActionSheet (0.72.1):
    - React-Core/RCTActionSheetHeaders (= 0.72.1)
  - React-RCTAnimation (0.72.1):
    - RCT-Folly (= 2021.07.22.00)
    - RCTTypeSafety (= 0.72.1)
    - React-Codegen (= 0.72.1)
    - React-Core/RCTAnimationHeaders (= 0.72.1)
    - React-jsi (= 0.72.1)
    - ReactCommon/turbomodule/core (= 0.72.1)
  - React-RCTAppDelegate (0.72.1):
    - RCT-Folly
    - RCTRequired
    - RCTTypeSafety
    - React-Core
    - React-CoreModules
    - React-jsc
    - React-NativeModulesApple
    - React-RCTImage
    - React-RCTNetwork
    - React-runtimescheduler
    - ReactCommon/turbomodule/core
  - React-RCTBlob (0.72.1):
    - RCT-Folly (= 2021.07.22.00)
    - React-Codegen (= 0.72.1)
    - React-Core/RCTBlobHeaders (= 0.72.1)
    - React-Core/RCTWebSocket (= 0.72.1)
    - React-jsi (= 0.72.1)
    - React-RCTNetwork (= 0.72.1)
    - ReactCommon/turbomodule/core (= 0.72.1)
  - React-RCTImage (0.72.1):
    - RCT-Folly (= 2021.07.22.00)
    - RCTTypeSafety (= 0.72.1)
    - React-Codegen (= 0.72.1)
    - React-Core/RCTImageHeaders (= 0.72.1)
    - React-jsi (= 0.72.1)
    - React-RCTNetwork (= 0.72.1)
    - ReactCommon/turbomodule/core (= 0.72.1)
  - React-RCTLinking (0.72.1):
    - React-Codegen (= 0.72.1)
    - React-Core/RCTLinkingHeaders (= 0.72.1)
    - React-jsi (= 0.72.1)
    - ReactCommon/turbomodule/core (= 0.72.1)
  - React-RCTNetwork (0.72.1):
    - RCT-Folly (= 2021.07.22.00)
    - RCTTypeSafety (= 0.72.1)
    - React-Codegen (= 0.72.1)
    - React-Core/RCTNetworkHeaders (= 0.72.1)
    - React-jsi (= 0.72.1)
    - ReactCommon/turbomodule/core (= 0.72.1)
  - React-RCTSettings (0.72.1):
    - RCT-Folly (= 2021.07.22.00)
    - RCTTypeSafety (= 0.72.1)
    - React-Codegen (= 0.72.1)
    - React-Core/RCTSettingsHeaders (= 0.72.1)
    - React-jsi (= 0.72.1)
    - ReactCommon/turbomodule/core (= 0.72.1)
  - React-RCTText (0.72.1):
    - React-Core/RCTTextHeaders (= 0.72.1)
  - React-RCTVibration (0.72.1):
    - RCT-Folly (= 2021.07.22.00)
    - React-Codegen (= 0.72.1)
    - React-Core/RCTVibrationHeaders (= 0.72.1)
    - React-jsi (= 0.72.1)
    - ReactCommon/turbomodule/core (= 0.72.1)
  - React-rncore (0.72.1)
  - React-runtimeexecutor (0.72.1):
    - React-jsi (= 0.72.1)
  - React-runtimescheduler (0.72.1):
    - glog
    - RCT-Folly (= 2021.07.22.00)
    - React-callinvoker
    - React-debug
    - React-jsi
    - React-runtimeexecutor
  - React-utils (0.72.1):
    - glog
    - RCT-Folly (= 2021.07.22.00)
    - React-debug
  - ReactCommon/turbomodule/bridging (0.72.1):
    - DoubleConversion
    - glog
    - RCT-Folly (= 2021.07.22.00)
    - React-callinvoker (= 0.72.1)
    - React-cxxreact (= 0.72.1)
    - React-jsi (= 0.72.1)
    - React-logger (= 0.72.1)
    - React-perflogger (= 0.72.1)
  - ReactCommon/turbomodule/core (0.72.1):
    - DoubleConversion
    - glog
    - RCT-Folly (= 2021.07.22.00)
    - React-callinvoker (= 0.72.1)
    - React-cxxreact (= 0.72.1)
    - React-jsi (= 0.72.1)
    - React-logger (= 0.72.1)
    - React-perflogger (= 0.72.1)
  - RNCAsyncStorage (1.18.2):
    - React-Core
  - RNCClipboard (1.11.2):
    - React-Core
  - RNCMaskedView (0.2.9):
    - React-Core
  - RNCPicker (2.4.10):
    - React-Core
  - RNDeviceInfo (10.7.0):
    - React-Core
  - RNFlashList (1.4.2):
    - React-Core
  - RNGestureHandler (2.12.0):
    - React-Core
  - RNReanimated (2.15.0):
    - DoubleConversion
    - FBLazyVector
    - FBReactNativeSpec
    - glog
    - RCT-Folly
    - RCTRequired
    - RCTTypeSafety
    - React-callinvoker
    - React-Core
    - React-Core/DevSupport
    - React-Core/RCTWebSocket
    - React-CoreModules
    - React-cxxreact
    - React-jsi
    - React-jsiexecutor
    - React-jsinspector
    - React-RCTActionSheet
    - React-RCTAnimation
    - React-RCTBlob
    - React-RCTImage
    - React-RCTLinking
    - React-RCTNetwork
    - React-RCTSettings
    - React-RCTText
    - ReactCommon/turbomodule/core
    - Yoga
  - RNScreens (3.22.1):
    - React-Core
    - React-RCTImage
  - RNSVG (13.9.0):
    - React-Core
  - RNSyanImagePicker (0.5.3):
    - React
    - TZImagePickerController
  - SocketRocket (0.6.1)
  - TZImagePickerController (3.8.3):
    - TZImagePickerController/Basic (= 3.8.3)
    - TZImagePickerController/Location (= 3.8.3)
  - TZImagePickerController/Basic (3.8.3)
  - TZImagePickerController/Location (3.8.3)
  - Yoga (1.14.0)
  - YogaKit (1.18.1):
    - Yoga (~> 1.14)
  - ZXingObjC/Core (3.6.5)
  - ZXingObjC/OneD (3.6.5):
    - ZXingObjC/Core
  - ZXingObjC/PDF417 (3.6.5):
    - ZXingObjC/Core

DEPENDENCIES:
  - boost (from `../node_modules/react-native/third-party-podspecs/boost.podspec`)
  - BVLinearGradient (from `../node_modules/react-native-linear-gradient`)
  - DoubleConversion (from `../node_modules/react-native/third-party-podspecs/DoubleConversion.podspec`)
  - EXApplication (from `../node_modules/expo-application/ios`)
  - EXAV (from `../node_modules/expo-av/ios`)
  - EXBarCodeScanner (from `../node_modules/expo-barcode-scanner/ios`)
  - EXCamera (from `../node_modules/expo-camera/ios`)
  - EXConstants (from `../node_modules/expo-constants/ios`)
  - EXFileSystem (from `../node_modules/expo-file-system/ios`)
  - EXFont (from `../node_modules/expo-font/ios`)
  - EXImageLoader (from `../node_modules/expo-image-loader/ios`)
  - EXLocation (from `../node_modules/expo-location/ios`)
  - Expo (from `../node_modules/expo`)
  - ExpoBrightness (from `../node_modules/expo-brightness/ios`)
  - ExpoGL (from `../node_modules/expo-gl`)
  - ExpoImagePicker (from `../node_modules/expo-image-picker/ios`)
  - ExpoKeepAwake (from `../node_modules/expo-keep-awake/ios`)
  - ExpoModulesCore (from `../node_modules/expo-modules-core`)
  - EXSensors (from `../node_modules/expo-sensors/ios`)
  - FBLazyVector (from `../node_modules/react-native/Libraries/FBLazyVector`)
  - FBReactNativeSpec (from `../node_modules/react-native/React/FBReactNativeSpec`)
  - Flipper (= 0.182.0)
  - Flipper-Boost-iOSX (= 1.76.0.1.11)
  - Flipper-DoubleConversion (= 3.2.0.1)
  - Flipper-Fmt (= 7.1.7)
  - Flipper-Folly (= 2.6.10)
  - Flipper-Glog (= 0.5.0.5)
  - Flipper-PeerTalk (= 0.0.4)
  - FlipperKit (= 0.182.0)
  - FlipperKit/Core (= 0.182.0)
  - FlipperKit/CppBridge (= 0.182.0)
  - FlipperKit/FBCxxFollyDynamicConvert (= 0.182.0)
  - FlipperKit/FBDefines (= 0.182.0)
  - FlipperKit/FKPortForwarding (= 0.182.0)
  - FlipperKit/FlipperKitHighlightOverlay (= 0.182.0)
  - FlipperKit/FlipperKitLayoutPlugin (= 0.182.0)
  - FlipperKit/FlipperKitLayoutTextSearchable (= 0.182.0)
  - FlipperKit/FlipperKitNetworkPlugin (= 0.182.0)
  - FlipperKit/FlipperKitReactPlugin (= 0.182.0)
  - FlipperKit/FlipperKitUserDefaultsPlugin (= 0.182.0)
  - FlipperKit/SKIOSNetworkPlugin (= 0.182.0)
  - glog (from `../node_modules/react-native/third-party-podspecs/glog.podspec`)
  - lottie-ios (from `../node_modules/lottie-ios`)
  - lottie-react-native (from `../node_modules/lottie-react-native`)
  - OpenSSL-Universal (= 1.1.1100)
  - RCT-Folly (from `../node_modules/react-native/third-party-podspecs/RCT-Folly.podspec`)
  - RCTRequired (from `../node_modules/react-native/Libraries/RCTRequired`)
  - RCTTypeSafety (from `../node_modules/react-native/Libraries/TypeSafety`)
  - React (from `../node_modules/react-native/`)
  - React-callinvoker (from `../node_modules/react-native/ReactCommon/callinvoker`)
  - React-Codegen (from `build/generated/ios`)
  - React-Core (from `../node_modules/react-native/`)
  - React-Core/DevSupport (from `../node_modules/react-native/`)
  - React-Core/RCTWebSocket (from `../node_modules/react-native/`)
  - React-CoreModules (from `../node_modules/react-native/React/CoreModules`)
  - React-cxxreact (from `../node_modules/react-native/ReactCommon/cxxreact`)
  - React-debug (from `../node_modules/react-native/ReactCommon/react/debug`)
  - React-jsc (from `../node_modules/react-native/ReactCommon/jsc`)
  - React-jsi (from `../node_modules/react-native/ReactCommon/jsi`)
  - React-jsiexecutor (from `../node_modules/react-native/ReactCommon/jsiexecutor`)
  - React-jsinspector (from `../node_modules/react-native/ReactCommon/jsinspector`)
  - React-logger (from `../node_modules/react-native/ReactCommon/logger`)
  - "react-native-cameraroll (from `../node_modules/@react-native-camera-roll/camera-roll`)"
  - "react-native-geolocation (from `../node_modules/@react-native-community/geolocation`)"
  - "react-native-image-resizer (from `../node_modules/@bam.tech/react-native-image-resizer`)"
  - "react-native-netinfo (from `../node_modules/@react-native-community/netinfo`)"
  - react-native-pager-view (from `../node_modules/react-native-pager-view`)
  - react-native-safe-area-context (from `../node_modules/react-native-safe-area-context`)
  - "react-native-skia (from `../node_modules/@shopify/react-native-skia`)"
  - "react-native-slider (from `../node_modules/@react-native-community/slider`)"
  - react-native-splash-screen (from `../node_modules/react-native-splash-screen`)
  - react-native-webview (from `../node_modules/react-native-webview`)
  - React-NativeModulesApple (from `../node_modules/react-native/ReactCommon/react/nativemodule/core/platform/ios`)
  - React-perflogger (from `../node_modules/react-native/ReactCommon/reactperflogger`)
  - React-RCTActionSheet (from `../node_modules/react-native/Libraries/ActionSheetIOS`)
  - React-RCTAnimation (from `../node_modules/react-native/Libraries/NativeAnimation`)
  - React-RCTAppDelegate (from `../node_modules/react-native/Libraries/AppDelegate`)
  - React-RCTBlob (from `../node_modules/react-native/Libraries/Blob`)
  - React-RCTImage (from `../node_modules/react-native/Libraries/Image`)
  - React-RCTLinking (from `../node_modules/react-native/Libraries/LinkingIOS`)
  - React-RCTNetwork (from `../node_modules/react-native/Libraries/Network`)
  - React-RCTSettings (from `../node_modules/react-native/Libraries/Settings`)
  - React-RCTText (from `../node_modules/react-native/Libraries/Text`)
  - React-RCTVibration (from `../node_modules/react-native/Libraries/Vibration`)
  - React-rncore (from `../node_modules/react-native/ReactCommon`)
  - React-runtimeexecutor (from `../node_modules/react-native/ReactCommon/runtimeexecutor`)
  - React-runtimescheduler (from `../node_modules/react-native/ReactCommon/react/renderer/runtimescheduler`)
  - React-utils (from `../node_modules/react-native/ReactCommon/react/utils`)
  - ReactCommon/turbomodule/core (from `../node_modules/react-native/ReactCommon`)
  - "RNCAsyncStorage (from `../node_modules/@react-native-async-storage/async-storage`)"
  - "RNCClipboard (from `../node_modules/@react-native-clipboard/clipboard`)"
  - "RNCMaskedView (from `../node_modules/@react-native-masked-view/masked-view`)"
  - "RNCPicker (from `../node_modules/@react-native-picker/picker`)"
  - RNDeviceInfo (from `../node_modules/react-native-device-info`)
  - "RNFlashList (from `../node_modules/@shopify/flash-list`)"
  - RNGestureHandler (from `../node_modules/react-native-gesture-handler`)
  - RNReanimated (from `../node_modules/react-native-reanimated`)
  - RNScreens (from `../node_modules/react-native-screens`)
  - RNSVG (from `../node_modules/react-native-svg`)
  - RNSyanImagePicker (from `../node_modules/react-native-syan-image-picker`)
  - Yoga (from `../node_modules/react-native/ReactCommon/yoga`)

SPEC REPOS:
  trunk:
    - CocoaAsyncSocket
    - Flipper
    - Flipper-Boost-iOSX
    - Flipper-DoubleConversion
    - Flipper-Fmt
    - Flipper-Folly
    - Flipper-Glog
    - Flipper-PeerTalk
    - FlipperKit
    - fmt
    - libevent
    - OpenSSL-Universal
    - SocketRocket
    - TZImagePickerController
    - YogaKit
    - ZXingObjC

EXTERNAL SOURCES:
  boost:
    :podspec: "../node_modules/react-native/third-party-podspecs/boost.podspec"
  BVLinearGradient:
    :path: "../node_modules/react-native-linear-gradient"
  DoubleConversion:
    :podspec: "../node_modules/react-native/third-party-podspecs/DoubleConversion.podspec"
  EXApplication:
    :path: "../node_modules/expo-application/ios"
  EXAV:
    :path: "../node_modules/expo-av/ios"
  EXBarCodeScanner:
    :path: "../node_modules/expo-barcode-scanner/ios"
  EXCamera:
    :path: "../node_modules/expo-camera/ios"
  EXConstants:
    :path: "../node_modules/expo-constants/ios"
  EXFileSystem:
    :path: "../node_modules/expo-file-system/ios"
  EXFont:
    :path: "../node_modules/expo-font/ios"
  EXImageLoader:
    :path: "../node_modules/expo-image-loader/ios"
  EXLocation:
    :path: "../node_modules/expo-location/ios"
  Expo:
    :path: "../node_modules/expo"
  ExpoBrightness:
    :path: "../node_modules/expo-brightness/ios"
  ExpoGL:
    :path: "../node_modules/expo-gl"
  ExpoImagePicker:
    :path: "../node_modules/expo-image-picker/ios"
  ExpoKeepAwake:
    :path: "../node_modules/expo-keep-awake/ios"
  ExpoModulesCore:
    :path: "../node_modules/expo-modules-core"
  EXSensors:
    :path: "../node_modules/expo-sensors/ios"
  FBLazyVector:
    :path: "../node_modules/react-native/Libraries/FBLazyVector"
  FBReactNativeSpec:
    :path: "../node_modules/react-native/React/FBReactNativeSpec"
  glog:
    :podspec: "../node_modules/react-native/third-party-podspecs/glog.podspec"
  lottie-ios:
    :path: "../node_modules/lottie-ios"
  lottie-react-native:
    :path: "../node_modules/lottie-react-native"
  RCT-Folly:
    :podspec: "../node_modules/react-native/third-party-podspecs/RCT-Folly.podspec"
  RCTRequired:
    :path: "../node_modules/react-native/Libraries/RCTRequired"
  RCTTypeSafety:
    :path: "../node_modules/react-native/Libraries/TypeSafety"
  React:
    :path: "../node_modules/react-native/"
  React-callinvoker:
    :path: "../node_modules/react-native/ReactCommon/callinvoker"
  React-Codegen:
    :path: build/generated/ios
  React-Core:
    :path: "../node_modules/react-native/"
  React-CoreModules:
    :path: "../node_modules/react-native/React/CoreModules"
  React-cxxreact:
    :path: "../node_modules/react-native/ReactCommon/cxxreact"
  React-debug:
    :path: "../node_modules/react-native/ReactCommon/react/debug"
  React-jsc:
    :path: "../node_modules/react-native/ReactCommon/jsc"
  React-jsi:
    :path: "../node_modules/react-native/ReactCommon/jsi"
  React-jsiexecutor:
    :path: "../node_modules/react-native/ReactCommon/jsiexecutor"
  React-jsinspector:
    :path: "../node_modules/react-native/ReactCommon/jsinspector"
  React-logger:
    :path: "../node_modules/react-native/ReactCommon/logger"
  react-native-cameraroll:
    :path: "../node_modules/@react-native-camera-roll/camera-roll"
  react-native-geolocation:
    :path: "../node_modules/@react-native-community/geolocation"
  react-native-image-resizer:
    :path: "../node_modules/@bam.tech/react-native-image-resizer"
  react-native-netinfo:
    :path: "../node_modules/@react-native-community/netinfo"
  react-native-pager-view:
    :path: "../node_modules/react-native-pager-view"
  react-native-safe-area-context:
    :path: "../node_modules/react-native-safe-area-context"
  react-native-skia:
    :path: "../node_modules/@shopify/react-native-skia"
  react-native-slider:
    :path: "../node_modules/@react-native-community/slider"
  react-native-splash-screen:
    :path: "../node_modules/react-native-splash-screen"
  react-native-webview:
    :path: "../node_modules/react-native-webview"
  React-NativeModulesApple:
    :path: "../node_modules/react-native/ReactCommon/react/nativemodule/core/platform/ios"
  React-perflogger:
    :path: "../node_modules/react-native/ReactCommon/reactperflogger"
  React-RCTActionSheet:
    :path: "../node_modules/react-native/Libraries/ActionSheetIOS"
  React-RCTAnimation:
    :path: "../node_modules/react-native/Libraries/NativeAnimation"
  React-RCTAppDelegate:
    :path: "../node_modules/react-native/Libraries/AppDelegate"
  React-RCTBlob:
    :path: "../node_modules/react-native/Libraries/Blob"
  React-RCTImage:
    :path: "../node_modules/react-native/Libraries/Image"
  React-RCTLinking:
    :path: "../node_modules/react-native/Libraries/LinkingIOS"
  React-RCTNetwork:
    :path: "../node_modules/react-native/Libraries/Network"
  React-RCTSettings:
    :path: "../node_modules/react-native/Libraries/Settings"
  React-RCTText:
    :path: "../node_modules/react-native/Libraries/Text"
  React-RCTVibration:
    :path: "../node_modules/react-native/Libraries/Vibration"
  React-rncore:
    :path: "../node_modules/react-native/ReactCommon"
  React-runtimeexecutor:
    :path: "../node_modules/react-native/ReactCommon/runtimeexecutor"
  React-runtimescheduler:
    :path: "../node_modules/react-native/ReactCommon/react/renderer/runtimescheduler"
  React-utils:
    :path: "../node_modules/react-native/ReactCommon/react/utils"
  ReactCommon:
    :path: "../node_modules/react-native/ReactCommon"
  RNCAsyncStorage:
    :path: "../node_modules/@react-native-async-storage/async-storage"
  RNCClipboard:
    :path: "../node_modules/@react-native-clipboard/clipboard"
  RNCMaskedView:
    :path: "../node_modules/@react-native-masked-view/masked-view"
  RNCPicker:
    :path: "../node_modules/@react-native-picker/picker"
  RNDeviceInfo:
    :path: "../node_modules/react-native-device-info"
  RNFlashList:
    :path: "../node_modules/@shopify/flash-list"
  RNGestureHandler:
    :path: "../node_modules/react-native-gesture-handler"
  RNReanimated:
    :path: "../node_modules/react-native-reanimated"
  RNScreens:
    :path: "../node_modules/react-native-screens"
  RNSVG:
    :path: "../node_modules/react-native-svg"
  RNSyanImagePicker:
    :path: "../node_modules/react-native-syan-image-picker"
  Yoga:
    :path: "../node_modules/react-native/ReactCommon/yoga"

SPEC CHECKSUMS:
  boost: 57d2868c099736d80fcd648bf211b4431e51a558
  BVLinearGradient: 34a999fda29036898a09c6a6b728b0b4189e1a44
  CocoaAsyncSocket: 065fd1e645c7abab64f7a6a2007a48038fdc6a99
  DoubleConversion: 5189b271737e1565bdce30deb4a08d647e3f5f54
  EXApplication: 02655a251434d564bb0e73291f5a490c74b5b76f
  EXAV: f393dfc0b28214d62855a31e06eb21d426d6e2da
  EXBarCodeScanner: 44783bf0be375ab18a838dcfef29dd648397000a
  EXCamera: 0fbfa338a3776af2722d626a3437abe33f708aad
  EXConstants: ce5bbea779da8031ac818c36bea41b10e14d04e1
  EXFileSystem: d7f59869885cfeab3ac771e2a8d0f5ed98cd3fdb
  EXFont: 738c44c390953ebcbab075a4848bfbef025fd9ee
  EXImageLoader: 34b214f9387e98f3c73989f15d8d5b399c9ab3f7
  EXLocation: 231f4a3683fabfed254c9498b226f7f40a40f9d8
  Expo: dc993e0d66e657a31dc45574543ca1ed3d68c617
  ExpoBrightness: 60c23f8aaf7b7c691907549fdc125e22f30364fe
  ExpoGL: 8f8e40e494a462f33c1f513cf101bf7d6abe767e
  ExpoImagePicker: 530faafc88bffd0fb96c785327d91755edfdb220
  ExpoKeepAwake: be4cbd52d9b177cde0fd66daa1913afa3161fc1d
  ExpoModulesCore: cfc52053496bae101b7ce6cd20a0ebaefbf977c0
  EXSensors: d26e160b5c91ada2df4a638859ef0c5731bf6404
  FBLazyVector: 55cd4593d570bd9e5e227488d637ce6a9581ce51
  FBReactNativeSpec: 799b0e1a1561699cd0e424e24fe5624da38402f0
  Flipper: 6edb735e6c3e332975d1b17956bcc584eccf5818
  Flipper-Boost-iOSX: fd1e2b8cbef7e662a122412d7ac5f5bea715403c
  Flipper-DoubleConversion: 2dc99b02f658daf147069aad9dbd29d8feb06d30
  Flipper-Fmt: 60cbdd92fc254826e61d669a5d87ef7015396a9b
  Flipper-Folly: 584845625005ff068a6ebf41f857f468decd26b3
  Flipper-Glog: 70c50ce58ddaf67dc35180db05f191692570f446
  Flipper-PeerTalk: 116d8f857dc6ef55c7a5a75ea3ceaafe878aadc9
  FlipperKit: 2efad7007d6745a3f95e4034d547be637f89d3f6
  fmt: ff9d55029c625d3757ed641535fd4a75fedc7ce9
  glog: 04b94705f318337d7ead9e6d17c019bd9b1f6b1b
  libevent: 4049cae6c81cdb3654a443be001fb9bdceff7913
  lottie-ios: 69495122151a378fdc7d1bb4c5930347e37baf1f
  lottie-react-native: 3e722c63015fdb9c27638b0a77969fc412067c18
  OpenSSL-Universal: ebc357f1e6bc71fa463ccb2fe676756aff50e88c
  RCT-Folly: 424b8c9a7a0b9ab2886ffe9c3b041ef628fd4fb1
  RCTRequired: c52ee8fb2b35c1b54031dd8e92d88ad4dba8f2ce
  RCTTypeSafety: 75fa444becadf0ebfa0a456b8c64560c7c89c7df
  React: 3e5b3962f27b7334eaf5517a35b3434503df35ad
  React-callinvoker: c3a225610efe0caadac78da53b6fe78e53eb2b03
  React-Codegen: 5284c73a9915a7ce641a679423eb52cc799a2c0c
  React-Core: ea8efd7340e01f11d033782a90786f9e1532e598
  React-CoreModules: ab635016811b610a93e873485f6f900ce0582192
  React-cxxreact: 367c31ce845fc91f1d9ff60726c012e36ebde657
  React-debug: 8aa2bd54b0f0011049300ce3339b0e51254ef3b5
  React-jsc: 9a0d9ce5353c5542ddc1e10c4988e8b2f2fd4d0a
  React-jsi: 085949ea16818b34c929649b941d3adbadb2cd63
  React-jsiexecutor: d870d2b6fe0a060e2dcf675e9d801552ead06c84
  React-jsinspector: d0b5bfd1085599265f4212034321e829bdf83cc0
  React-logger: b8103c9b04e707b50cdd2b1aeb382483900cbb37
  react-native-cameraroll: 134805127580aed23403b8c2cb1548920dd77b3a
  react-native-geolocation: 0f7fe8a4c2de477e278b0365cce27d089a8c5903
  react-native-image-resizer: 00ceb0e05586c7aadf061eea676957a6c2ec60fa
  react-native-netinfo: 3a48f51c18dbd9253440621955e11de71bc51b32
  react-native-pager-view: 0ccb8bf60e2ebd38b1f3669fa3650ecce81db2df
  react-native-safe-area-context: 68b07eabfb0d14547d36f6929c0e98d818064f02
  react-native-skia: 8d65fa55196f437b475563b67b06a744f2ad4a0d
  react-native-slider: 33b8d190b59d4f67a541061bb91775d53d617d9d
  react-native-splash-screen: 4312f786b13a81b5169ef346d76d33bc0c6dc457
  react-native-webview: b8ec89966713985111a14d6e4bf98d8b54bced0d
  React-NativeModulesApple: a95134487a26bbfd83326f8d7af335739cb17421
  React-perflogger: 3d501f34c8d4b10cb75f348e43591765788525ad
  React-RCTActionSheet: f5335572c979198c0c3daff67b07bd1ad8370c1d
  React-RCTAnimation: 5d0d31a4f9c49a70f93f32e4da098fb49b5ae0b3
  React-RCTAppDelegate: 3fe7e89add0f83db65c86b5df0471f1d759bf9fa
  React-RCTBlob: 0bd301dfd41045f833945996cfa6fafa112445a8
  React-RCTImage: e15d22db53406401cdd1407ce51080a66a9c7ed4
  React-RCTLinking: 39815800ec79d6fb15e6329244d195ebeabf7541
  React-RCTNetwork: 2a6548e13d2577b112d4250ac5be74ae62e1e86b
  React-RCTSettings: a76aee44d5398144646be146c334b15c90ad9582
  React-RCTText: afad390f3838f210c2bc9e1a19bb048003b2a771
  React-RCTVibration: 29bbaa5c57c02dc036d7e557584b492000b1d3e7
  React-rncore: 50966ce412d63bee9ffe5c98249857c23870a3c4
  React-runtimeexecutor: d129f2b53d61298093d7c7d8ebfafa664f911ce6
  React-runtimescheduler: 84546e214feb91c1b51081e59b87d7df4973f2d8
  React-utils: 0a70ea97d4e2749f336b450c082905be1d389435
  ReactCommon: 4cbf891957cb9fdb7193f85f8dded6c62e6d112e
  RNCAsyncStorage: ddc4ee162bfd41b0d2c68bf2d95acd81dd7f1f93
  RNCClipboard: 3f0451a8100393908bea5c5c5b16f96d45f30bfc
  RNCMaskedView: 949696f25ec596bfc697fc88e6f95cf0c79669b6
  RNCPicker: 0bc2f0a29abcca7b7ed44a2d036aac9ab6d25700
  RNDeviceInfo: 25d818c85db769cc0e7083d39efaa01a6f450df3
  RNFlashList: 7fbca4fc075484a9426f1610d648dbea2de94eb0
  RNGestureHandler: dec4645026e7401a0899f2846d864403478ff6a5
  RNReanimated: 9d6808928dc4de4652faea94320a6b20898975a8
  RNScreens: 50ffe2fa2342eabb2d0afbe19f7c1af286bc7fb3
  RNSVG: 53c661b76829783cdaf9b7a57258f3d3b4c28315
  RNSyanImagePicker: 5c650d33f16f7cd59c47d9269f6c4856b30d7616
  SocketRocket: f32cd54efbe0f095c4d7594881e52619cfe80b17
  TZImagePickerController: e9909edbadf7381140efc5b5c9f5bdbfd630f7d4
  Yoga: 65286bb6a07edce5e4fe8c90774da977ae8fc009
  YogaKit: f782866e155069a2cca2517aafea43200b01fd5a
  ZXingObjC: fdbb269f25dd2032da343e06f10224d62f537bdb

PODFILE CHECKSUM: 1ac9cf213d2a926922563cce59015ac5c4d7d5b7

COCOAPODS: 1.11.3
